
Microsoft Visual Studio Solution File, Format Version 12.00
# Visual Studio Version 16
VisualStudioVersion = 16.0.30330.147
MinimumVisualStudioVersion = 10.0.40219.1
Project("{9A19103F-16F7-4668-BE54-9A1E7A4F7556}") = "Weikio.PluginFramework", "Weikio.PluginFramework\Weikio.PluginFramework.csproj", "{BB67695B-1CDF-4FEC-8627-82FD349D1403}"
EndProject
Project("{9A19103F-16F7-4668-BE54-9A1E7A4F7556}") = "Weikio.PluginFramework.Abstractions", "Weikio.PluginFramework.Abstractions\Weikio.PluginFramework.Abstractions.csproj", "{5C264288-C384-48A3-AF94-850D98830E13}"
EndProject
Project("{9A19103F-16F7-4668-BE54-9A1E7A4F7556}") = "Weikio.PluginFramework.Tests", "..\tests\unit\Weikio.PluginFramework.Tests\Weikio.PluginFramework.Tests.csproj", "{6CDBFF3C-932B-4A66-8779-B5C72B33AF7F}"
EndProject
Project("{2150E333-8FDC-42A3-9474-1A3956D46DE8}") = "Tests", "Tests", "{DE041517-4760-4748-97F6-DB71D6AFFF5B}"
EndProject
Project("{9A19103F-16F7-4668-BE54-9A1E7A4F7556}") = "TestAssembly1", "..\tests\Assemblies\TestAssembly1\TestAssembly1.csproj", "{DB21DEFB-37D4-4006-A6B9-735671151D29}"
EndProject
Project("{9A19103F-16F7-4668-BE54-9A1E7A4F7556}") = "TestAssembly2", "..\tests\Assemblies\TestAssembly2\TestAssembly2.csproj", "{F2987B1B-2FBD-4F1A-B95D-7F14618B2971}"
EndProject
Project("{9A19103F-16F7-4668-BE54-9A1E7A4F7556}") = "TestAssembly3", "..\tests\Assemblies\TestAssembly3\TestAssembly3.csproj", "{BB7D0751-895E-4820-9F52-CE4ECEE0F1FD}"
EndProject
Project("{9A19103F-16F7-4668-BE54-9A1E7A4F7556}") = "TestIntefaces", "..\tests\Assemblies\TestIntefaces\TestIntefaces.csproj", "{044D3F05-A2F2-4D4A-A3FE-360F57BB765D}"
EndProject
Project("{9A19103F-16F7-4668-BE54-9A1E7A4F7556}") = "JsonNetOld", "..\tests\Assemblies\JsonNetOld\JsonNetOld.csproj", "{8653C860-AF1B-42E6-8DAD-AEBC08D676B2}"
EndProject
Project("{9A19103F-16F7-4668-BE54-9A1E7A4F7556}") = "JsonNetNew", "..\tests\Assemblies\JsonNetNew\JsonNetNew.csproj", "{6FB33F21-3C1B-4BB0-AFC6-E512EE9F5928}"
EndProject
Project("{2150E333-8FDC-42A3-9474-1A3956D46DE8}") = "Resources", "Resources", "{B2BA1C10-1130-45ED-83F1-32BF8FBF4D4A}"
EndProject
Project("{2150E333-8FDC-42A3-9474-1A3956D46DE8}") = "Samples", "Samples", "{FF3A507D-D242-44F6-8940-49E0B51B6F02}"
EndProject
Project("{9A19103F-16F7-4668-BE54-9A1E7A4F7556}") = "ConsoleApp", "..\samples\ConsoleApp\ConsoleApp.csproj", "{C161BE3A-99A1-4A89-A2CE-79A5A1994FFC}"
EndProject
Project("{9A19103F-16F7-4668-BE54-9A1E7A4F7556}") = "Weikio.PluginFramework.Samples.Shared", "..\samples\Shared\Weikio.PluginFramework.Samples.Shared\Weikio.PluginFramework.Samples.Shared.csproj", "{DBC0AD60-7261-4CEB-BE4F-3AD12C39F813}"
EndProject
Project("{9A19103F-16F7-4668-BE54-9A1E7A4F7556}") = "WpfApp", "..\samples\WpfApp\WpfApp.csproj", "{91A58039-85B5-4B2C-8F25-10DD6033F3AA}"
EndProject
Project("{9A19103F-16F7-4668-BE54-9A1E7A4F7556}") = "Weikio.PluginFramework.Samples.SharedPlugins", "..\samples\Shared\Weikio.PluginFramework.Samples.SharedPlugins\Weikio.PluginFramework.Samples.SharedPlugins.csproj", "{6E19B5B2-9106-4EB3-8B0E-1C735FB4C815}"
EndProject
Project("{9A19103F-16F7-4668-BE54-9A1E7A4F7556}") = "WebApp", "..\samples\WebApp\WebApp.csproj", "{30C02979-E0C0-4AD0-B88F-23EF28807473}"
EndProject
Project("{9A19103F-16F7-4668-BE54-9A1E7A4F7556}") = "Weikio.PluginFramework.AspNetCore", "Weikio.PluginFramework.AspNetCore\Weikio.PluginFramework.AspNetCore.csproj", "{E4F3E21D-653A-4AE7-B1DA-63B3F041367C}"
EndProject
Project("{2150E333-8FDC-42A3-9474-1A3956D46DE8}") = "Shared", "Shared", "{E24D3F2A-4080-475B-92D3-C80B9BD20A70}"
EndProject
Project("{9A19103F-16F7-4668-BE54-9A1E7A4F7556}") = "Weikio.PluginFramework.Catalogs.NuGet", "Weikio.PluginFramework.Catalogs.NuGet\Weikio.PluginFramework.Catalogs.NuGet.csproj", "{4BCDAB59-F231-4241-B6BE-93BDC047C86F}"
EndProject
Project("{9A19103F-16F7-4668-BE54-9A1E7A4F7556}") = "Weikio.PluginFramework.Catalogs.Roslyn", "Weikio.PluginFramework.Catalogs.Roslyn\Weikio.PluginFramework.Catalogs.Roslyn.csproj", "{74D03415-F262-4DA2-B319-6A88F3278CC7}"
EndProject
Project("{9A19103F-16F7-4668-BE54-9A1E7A4F7556}") = "Weikio.PluginFramework.Catalogs.Roslyn.Tests", "..\tests\unit\Weikio.PluginFramework.Catalogs.Roslyn.Tests\Weikio.PluginFramework.Catalogs.Roslyn.Tests.csproj", "{E7600CAB-94DC-4A17-ABB2-B789A6409E02}"
EndProject
Project("{9A19103F-16F7-4668-BE54-9A1E7A4F7556}") = "Weikio.PluginFramework.Catalogs.NuGet.Tests", "..\tests\integration\Weikio.PluginFramework.Catalogs.NuGet.Tests\Weikio.PluginFramework.Catalogs.NuGet.Tests.csproj", "{174C5479-712A-46DB-BD91-C031F6B3A55D}"
EndProject
Project("{9A19103F-16F7-4668-BE54-9A1E7A4F7556}") = "WebAppWithNuget", "..\samples\WebAppWithNuget\WebAppWithNuget.csproj", "{0FFD32D3-3A4F-453E-B7A2-8891F77F03D0}"
EndProject
Project("{9A19103F-16F7-4668-BE54-9A1E7A4F7556}") = "WebAppWithRoslyn", "..\samples\WebAppWithRoslyn\WebAppWithRoslyn.csproj", "{9C46DA92-CB56-45FA-A904-0A7330C71C2C}"
EndProject
Project("{9A19103F-16F7-4668-BE54-9A1E7A4F7556}") = "WebAppWithDelegate", "..\samples\WebAppWithDelegate\WebAppWithDelegate.csproj", "{C2DD5D1C-2F8A-4EC9-BE90-66418A8602AE}"
EndProject
Project("{9A19103F-16F7-4668-BE54-9A1E7A4F7556}") = "BlazorApp", "..\samples\BlazorApp\BlazorApp.csproj", "{A7EC9D91-CED0-43E7-BAB3-3B72230BFC0B}"
EndProject
Project("{9A19103F-16F7-4668-BE54-9A1E7A4F7556}") = "WinFormsApp", "..\samples\WinFormsApp\WinFormsApp.csproj", "{6D392453-FC9E-45AD-A9A7-7596A93B3E6C}"
EndProject
Project("{9A19103F-16F7-4668-BE54-9A1E7A4F7556}") = "WinFormsPluginsLibrary", "..\samples\WinFormsPluginsLibrary\WinFormsPluginsLibrary.csproj", "{E92B0C5D-FFAC-4AB9-B069-869AEED565B0}"
EndProject
Project("{FAE04EC0-301F-11D3-BF4B-00C04F79EFBC}") = "Weikio.PluginFramework.Configuration", "Weikio.PluginFramework.Configuration\Weikio.PluginFramework.Configuration.csproj", "{882BB58E-D256-4BBF-8C5F-80C4FA39B775}"
EndProject
Project("{FAE04EC0-301F-11D3-BF4B-00C04F79EFBC}") = "WebAppWithAppSettings", "..\samples\WebAppWithAppSettings\WebAppWithAppSettings.csproj", "{A5FAE1A5-74A0-4A83-9520-DCABF6610ADE}"
EndProject
Project("{FAE04EC0-301F-11D3-BF4B-00C04F79EFBC}") = "WebAppPluginsLibrary", "..\samples\WebAppPluginsLibrary\WebAppPluginsLibrary.csproj", "{38CCE0F7-F998-4766-A14A-44C047E8D0AA}"
EndProject
Project("{2150E333-8FDC-42A3-9474-1A3956D46DE8}") = "WebSites", "WebSites", "{38E778EC-D2F9-46E8-9D48-9405B1D05BDC}"
EndProject
Project("{FAE04EC0-301F-11D3-BF4B-00C04F79EFBC}") = "PluginFrameworkTestBed", "..\tests\integration\WebSites\PluginFrameworkTestBed\PluginFrameworkTestBed.csproj", "{1F634A43-B7E4-4C8A-9877-AE6A03E9ACB5}"
EndProject
Project("{FAE04EC0-301F-11D3-BF4B-00C04F79EFBC}") = "Weikio.PluginFramework.AspNetCore.IntegrationTests", "..\tests\integration\Weikio.PluginFramework.AspNetCore.IntegrationTests\Weikio.PluginFramework.AspNetCore.IntegrationTests.csproj", "{7AA40D04-0826-4F4A-9028-2270BAED0B9B}"
EndProject
Global
	GlobalSection(SolutionConfigurationPlatforms) = preSolution
		Debug|Any CPU = Debug|Any CPU
		Release|Any CPU = Release|Any CPU
	EndGlobalSection
	GlobalSection(ProjectConfigurationPlatforms) = postSolution
		{BB67695B-1CDF-4FEC-8627-82FD349D1403}.Debug|Any CPU.ActiveCfg = Debug|Any CPU
		{BB67695B-1CDF-4FEC-8627-82FD349D1403}.Debug|Any CPU.Build.0 = Debug|Any CPU
		{BB67695B-1CDF-4FEC-8627-82FD349D1403}.Release|Any CPU.ActiveCfg = Release|Any CPU
		{BB67695B-1CDF-4FEC-8627-82FD349D1403}.Release|Any CPU.Build.0 = Release|Any CPU
		{5C264288-C384-48A3-AF94-850D98830E13}.Debug|Any CPU.ActiveCfg = Debug|Any CPU
		{5C264288-C384-48A3-AF94-850D98830E13}.Debug|Any CPU.Build.0 = Debug|Any CPU
		{5C264288-C384-48A3-AF94-850D98830E13}.Release|Any CPU.ActiveCfg = Release|Any CPU
		{5C264288-C384-48A3-AF94-850D98830E13}.Release|Any CPU.Build.0 = Release|Any CPU
		{6CDBFF3C-932B-4A66-8779-B5C72B33AF7F}.Debug|Any CPU.ActiveCfg = Debug|Any CPU
		{6CDBFF3C-932B-4A66-8779-B5C72B33AF7F}.Debug|Any CPU.Build.0 = Debug|Any CPU
		{6CDBFF3C-932B-4A66-8779-B5C72B33AF7F}.Release|Any CPU.ActiveCfg = Release|Any CPU
		{6CDBFF3C-932B-4A66-8779-B5C72B33AF7F}.Release|Any CPU.Build.0 = Release|Any CPU
		{DB21DEFB-37D4-4006-A6B9-735671151D29}.Debug|Any CPU.ActiveCfg = Debug|Any CPU
		{DB21DEFB-37D4-4006-A6B9-735671151D29}.Debug|Any CPU.Build.0 = Debug|Any CPU
		{DB21DEFB-37D4-4006-A6B9-735671151D29}.Release|Any CPU.ActiveCfg = Release|Any CPU
		{DB21DEFB-37D4-4006-A6B9-735671151D29}.Release|Any CPU.Build.0 = Release|Any CPU
		{F2987B1B-2FBD-4F1A-B95D-7F14618B2971}.Debug|Any CPU.ActiveCfg = Debug|Any CPU
		{F2987B1B-2FBD-4F1A-B95D-7F14618B2971}.Debug|Any CPU.Build.0 = Debug|Any CPU
		{F2987B1B-2FBD-4F1A-B95D-7F14618B2971}.Release|Any CPU.ActiveCfg = Release|Any CPU
		{F2987B1B-2FBD-4F1A-B95D-7F14618B2971}.Release|Any CPU.Build.0 = Release|Any CPU
		{BB7D0751-895E-4820-9F52-CE4ECEE0F1FD}.Debug|Any CPU.ActiveCfg = Debug|Any CPU
		{BB7D0751-895E-4820-9F52-CE4ECEE0F1FD}.Debug|Any CPU.Build.0 = Debug|Any CPU
		{BB7D0751-895E-4820-9F52-CE4ECEE0F1FD}.Release|Any CPU.ActiveCfg = Release|Any CPU
		{BB7D0751-895E-4820-9F52-CE4ECEE0F1FD}.Release|Any CPU.Build.0 = Release|Any CPU
		{044D3F05-A2F2-4D4A-A3FE-360F57BB765D}.Debug|Any CPU.ActiveCfg = Debug|Any CPU
		{044D3F05-A2F2-4D4A-A3FE-360F57BB765D}.Debug|Any CPU.Build.0 = Debug|Any CPU
		{044D3F05-A2F2-4D4A-A3FE-360F57BB765D}.Release|Any CPU.ActiveCfg = Release|Any CPU
		{044D3F05-A2F2-4D4A-A3FE-360F57BB765D}.Release|Any CPU.Build.0 = Release|Any CPU
		{8653C860-AF1B-42E6-8DAD-AEBC08D676B2}.Debug|Any CPU.ActiveCfg = Debug|Any CPU
		{8653C860-AF1B-42E6-8DAD-AEBC08D676B2}.Debug|Any CPU.Build.0 = Debug|Any CPU
		{8653C860-AF1B-42E6-8DAD-AEBC08D676B2}.Release|Any CPU.ActiveCfg = Release|Any CPU
		{8653C860-AF1B-42E6-8DAD-AEBC08D676B2}.Release|Any CPU.Build.0 = Release|Any CPU
		{6FB33F21-3C1B-4BB0-AFC6-E512EE9F5928}.Debug|Any CPU.ActiveCfg = Debug|Any CPU
		{6FB33F21-3C1B-4BB0-AFC6-E512EE9F5928}.Debug|Any CPU.Build.0 = Debug|Any CPU
		{6FB33F21-3C1B-4BB0-AFC6-E512EE9F5928}.Release|Any CPU.ActiveCfg = Release|Any CPU
		{6FB33F21-3C1B-4BB0-AFC6-E512EE9F5928}.Release|Any CPU.Build.0 = Release|Any CPU
		{C161BE3A-99A1-4A89-A2CE-79A5A1994FFC}.Debug|Any CPU.ActiveCfg = Debug|Any CPU
		{C161BE3A-99A1-4A89-A2CE-79A5A1994FFC}.Debug|Any CPU.Build.0 = Debug|Any CPU
		{C161BE3A-99A1-4A89-A2CE-79A5A1994FFC}.Release|Any CPU.ActiveCfg = Release|Any CPU
		{C161BE3A-99A1-4A89-A2CE-79A5A1994FFC}.Release|Any CPU.Build.0 = Release|Any CPU
		{DBC0AD60-7261-4CEB-BE4F-3AD12C39F813}.Debug|Any CPU.ActiveCfg = Debug|Any CPU
		{DBC0AD60-7261-4CEB-BE4F-3AD12C39F813}.Debug|Any CPU.Build.0 = Debug|Any CPU
		{DBC0AD60-7261-4CEB-BE4F-3AD12C39F813}.Release|Any CPU.ActiveCfg = Release|Any CPU
		{DBC0AD60-7261-4CEB-BE4F-3AD12C39F813}.Release|Any CPU.Build.0 = Release|Any CPU
		{91A58039-85B5-4B2C-8F25-10DD6033F3AA}.Debug|Any CPU.ActiveCfg = Debug|Any CPU
		{91A58039-85B5-4B2C-8F25-10DD6033F3AA}.Debug|Any CPU.Build.0 = Debug|Any CPU
		{91A58039-85B5-4B2C-8F25-10DD6033F3AA}.Release|Any CPU.ActiveCfg = Release|Any CPU
		{91A58039-85B5-4B2C-8F25-10DD6033F3AA}.Release|Any CPU.Build.0 = Release|Any CPU
		{6E19B5B2-9106-4EB3-8B0E-1C735FB4C815}.Debug|Any CPU.ActiveCfg = Debug|Any CPU
		{6E19B5B2-9106-4EB3-8B0E-1C735FB4C815}.Debug|Any CPU.Build.0 = Debug|Any CPU
		{6E19B5B2-9106-4EB3-8B0E-1C735FB4C815}.Release|Any CPU.ActiveCfg = Release|Any CPU
		{6E19B5B2-9106-4EB3-8B0E-1C735FB4C815}.Release|Any CPU.Build.0 = Release|Any CPU
		{30C02979-E0C0-4AD0-B88F-23EF28807473}.Debug|Any CPU.ActiveCfg = Debug|Any CPU
		{30C02979-E0C0-4AD0-B88F-23EF28807473}.Debug|Any CPU.Build.0 = Debug|Any CPU
		{30C02979-E0C0-4AD0-B88F-23EF28807473}.Release|Any CPU.ActiveCfg = Release|Any CPU
		{30C02979-E0C0-4AD0-B88F-23EF28807473}.Release|Any CPU.Build.0 = Release|Any CPU
		{E4F3E21D-653A-4AE7-B1DA-63B3F041367C}.Debug|Any CPU.ActiveCfg = Debug|Any CPU
		{E4F3E21D-653A-4AE7-B1DA-63B3F041367C}.Debug|Any CPU.Build.0 = Debug|Any CPU
		{E4F3E21D-653A-4AE7-B1DA-63B3F041367C}.Release|Any CPU.ActiveCfg = Release|Any CPU
		{E4F3E21D-653A-4AE7-B1DA-63B3F041367C}.Release|Any CPU.Build.0 = Release|Any CPU
		{4BCDAB59-F231-4241-B6BE-93BDC047C86F}.Debug|Any CPU.ActiveCfg = Debug|Any CPU
		{4BCDAB59-F231-4241-B6BE-93BDC047C86F}.Debug|Any CPU.Build.0 = Debug|Any CPU
		{4BCDAB59-F231-4241-B6BE-93BDC047C86F}.Release|Any CPU.ActiveCfg = Release|Any CPU
		{4BCDAB59-F231-4241-B6BE-93BDC047C86F}.Release|Any CPU.Build.0 = Release|Any CPU
		{74D03415-F262-4DA2-B319-6A88F3278CC7}.Debug|Any CPU.ActiveCfg = Debug|Any CPU
		{74D03415-F262-4DA2-B319-6A88F3278CC7}.Debug|Any CPU.Build.0 = Debug|Any CPU
		{74D03415-F262-4DA2-B319-6A88F3278CC7}.Release|Any CPU.ActiveCfg = Release|Any CPU
		{74D03415-F262-4DA2-B319-6A88F3278CC7}.Release|Any CPU.Build.0 = Release|Any CPU
		{E7600CAB-94DC-4A17-ABB2-B789A6409E02}.Debug|Any CPU.ActiveCfg = Debug|Any CPU
		{E7600CAB-94DC-4A17-ABB2-B789A6409E02}.Debug|Any CPU.Build.0 = Debug|Any CPU
		{E7600CAB-94DC-4A17-ABB2-B789A6409E02}.Release|Any CPU.ActiveCfg = Release|Any CPU
		{E7600CAB-94DC-4A17-ABB2-B789A6409E02}.Release|Any CPU.Build.0 = Release|Any CPU
		{174C5479-712A-46DB-BD91-C031F6B3A55D}.Debug|Any CPU.ActiveCfg = Debug|Any CPU
		{174C5479-712A-46DB-BD91-C031F6B3A55D}.Debug|Any CPU.Build.0 = Debug|Any CPU
		{174C5479-712A-46DB-BD91-C031F6B3A55D}.Release|Any CPU.ActiveCfg = Release|Any CPU
		{174C5479-712A-46DB-BD91-C031F6B3A55D}.Release|Any CPU.Build.0 = Release|Any CPU
		{0FFD32D3-3A4F-453E-B7A2-8891F77F03D0}.Debug|Any CPU.ActiveCfg = Debug|Any CPU
		{0FFD32D3-3A4F-453E-B7A2-8891F77F03D0}.Debug|Any CPU.Build.0 = Debug|Any CPU
		{0FFD32D3-3A4F-453E-B7A2-8891F77F03D0}.Release|Any CPU.ActiveCfg = Release|Any CPU
		{0FFD32D3-3A4F-453E-B7A2-8891F77F03D0}.Release|Any CPU.Build.0 = Release|Any CPU
		{9C46DA92-CB56-45FA-A904-0A7330C71C2C}.Debug|Any CPU.ActiveCfg = Debug|Any CPU
		{9C46DA92-CB56-45FA-A904-0A7330C71C2C}.Debug|Any CPU.Build.0 = Debug|Any CPU
		{9C46DA92-CB56-45FA-A904-0A7330C71C2C}.Release|Any CPU.ActiveCfg = Release|Any CPU
		{9C46DA92-CB56-45FA-A904-0A7330C71C2C}.Release|Any CPU.Build.0 = Release|Any CPU
		{C2DD5D1C-2F8A-4EC9-BE90-66418A8602AE}.Debug|Any CPU.ActiveCfg = Debug|Any CPU
		{C2DD5D1C-2F8A-4EC9-BE90-66418A8602AE}.Debug|Any CPU.Build.0 = Debug|Any CPU
		{C2DD5D1C-2F8A-4EC9-BE90-66418A8602AE}.Release|Any CPU.ActiveCfg = Release|Any CPU
		{C2DD5D1C-2F8A-4EC9-BE90-66418A8602AE}.Release|Any CPU.Build.0 = Release|Any CPU
		{A7EC9D91-CED0-43E7-BAB3-3B72230BFC0B}.Debug|Any CPU.ActiveCfg = Debug|Any CPU
		{A7EC9D91-CED0-43E7-BAB3-3B72230BFC0B}.Debug|Any CPU.Build.0 = Debug|Any CPU
		{A7EC9D91-CED0-43E7-BAB3-3B72230BFC0B}.Release|Any CPU.ActiveCfg = Release|Any CPU
		{A7EC9D91-CED0-43E7-BAB3-3B72230BFC0B}.Release|Any CPU.Build.0 = Release|Any CPU
		{6D392453-FC9E-45AD-A9A7-7596A93B3E6C}.Debug|Any CPU.ActiveCfg = Debug|Any CPU
		{6D392453-FC9E-45AD-A9A7-7596A93B3E6C}.Debug|Any CPU.Build.0 = Debug|Any CPU
		{6D392453-FC9E-45AD-A9A7-7596A93B3E6C}.Release|Any CPU.ActiveCfg = Release|Any CPU
		{6D392453-FC9E-45AD-A9A7-7596A93B3E6C}.Release|Any CPU.Build.0 = Release|Any CPU
		{E92B0C5D-FFAC-4AB9-B069-869AEED565B0}.Debug|Any CPU.ActiveCfg = Debug|Any CPU
		{E92B0C5D-FFAC-4AB9-B069-869AEED565B0}.Debug|Any CPU.Build.0 = Debug|Any CPU
		{E92B0C5D-FFAC-4AB9-B069-869AEED565B0}.Release|Any CPU.ActiveCfg = Release|Any CPU
		{E92B0C5D-FFAC-4AB9-B069-869AEED565B0}.Release|Any CPU.Build.0 = Release|Any CPU
		{882BB58E-D256-4BBF-8C5F-80C4FA39B775}.Debug|Any CPU.ActiveCfg = Debug|Any CPU
		{882BB58E-D256-4BBF-8C5F-80C4FA39B775}.Debug|Any CPU.Build.0 = Debug|Any CPU
		{882BB58E-D256-4BBF-8C5F-80C4FA39B775}.Release|Any CPU.ActiveCfg = Release|Any CPU
		{882BB58E-D256-4BBF-8C5F-80C4FA39B775}.Release|Any CPU.Build.0 = Release|Any CPU
		{A5FAE1A5-74A0-4A83-9520-DCABF6610ADE}.Debug|Any CPU.ActiveCfg = Debug|Any CPU
		{A5FAE1A5-74A0-4A83-9520-DCABF6610ADE}.Debug|Any CPU.Build.0 = Debug|Any CPU
		{A5FAE1A5-74A0-4A83-9520-DCABF6610ADE}.Release|Any CPU.ActiveCfg = Release|Any CPU
		{A5FAE1A5-74A0-4A83-9520-DCABF6610ADE}.Release|Any CPU.Build.0 = Release|Any CPU
		{38CCE0F7-F998-4766-A14A-44C047E8D0AA}.Debug|Any CPU.ActiveCfg = Debug|Any CPU
		{38CCE0F7-F998-4766-A14A-44C047E8D0AA}.Debug|Any CPU.Build.0 = Debug|Any CPU
		{38CCE0F7-F998-4766-A14A-44C047E8D0AA}.Release|Any CPU.ActiveCfg = Release|Any CPU
		{38CCE0F7-F998-4766-A14A-44C047E8D0AA}.Release|Any CPU.Build.0 = Release|Any CPU
		{1F634A43-B7E4-4C8A-9877-AE6A03E9ACB5}.Debug|Any CPU.ActiveCfg = Debug|Any CPU
		{1F634A43-B7E4-4C8A-9877-AE6A03E9ACB5}.Debug|Any CPU.Build.0 = Debug|Any CPU
		{1F634A43-B7E4-4C8A-9877-AE6A03E9ACB5}.Release|Any CPU.ActiveCfg = Release|Any CPU
		{1F634A43-B7E4-4C8A-9877-AE6A03E9ACB5}.Release|Any CPU.Build.0 = Release|Any CPU
		{7AA40D04-0826-4F4A-9028-2270BAED0B9B}.Debug|Any CPU.ActiveCfg = Debug|Any CPU
		{7AA40D04-0826-4F4A-9028-2270BAED0B9B}.Debug|Any CPU.Build.0 = Debug|Any CPU
		{7AA40D04-0826-4F4A-9028-2270BAED0B9B}.Release|Any CPU.ActiveCfg = Release|Any CPU
		{7AA40D04-0826-4F4A-9028-2270BAED0B9B}.Release|Any CPU.Build.0 = Release|Any CPU
	EndGlobalSection
	GlobalSection(SolutionProperties) = preSolution
		HideSolutionNode = FALSE
	EndGlobalSection
	GlobalSection(NestedProjects) = preSolution
		{6CDBFF3C-932B-4A66-8779-B5C72B33AF7F} = {DE041517-4760-4748-97F6-DB71D6AFFF5B}
		{DB21DEFB-37D4-4006-A6B9-735671151D29} = {B2BA1C10-1130-45ED-83F1-32BF8FBF4D4A}
		{F2987B1B-2FBD-4F1A-B95D-7F14618B2971} = {B2BA1C10-1130-45ED-83F1-32BF8FBF4D4A}
		{BB7D0751-895E-4820-9F52-CE4ECEE0F1FD} = {B2BA1C10-1130-45ED-83F1-32BF8FBF4D4A}
		{044D3F05-A2F2-4D4A-A3FE-360F57BB765D} = {B2BA1C10-1130-45ED-83F1-32BF8FBF4D4A}
		{8653C860-AF1B-42E6-8DAD-AEBC08D676B2} = {B2BA1C10-1130-45ED-83F1-32BF8FBF4D4A}
		{6FB33F21-3C1B-4BB0-AFC6-E512EE9F5928} = {B2BA1C10-1130-45ED-83F1-32BF8FBF4D4A}
		{B2BA1C10-1130-45ED-83F1-32BF8FBF4D4A} = {DE041517-4760-4748-97F6-DB71D6AFFF5B}
		{C161BE3A-99A1-4A89-A2CE-79A5A1994FFC} = {FF3A507D-D242-44F6-8940-49E0B51B6F02}
		{DBC0AD60-7261-4CEB-BE4F-3AD12C39F813} = {E24D3F2A-4080-475B-92D3-C80B9BD20A70}
		{91A58039-85B5-4B2C-8F25-10DD6033F3AA} = {FF3A507D-D242-44F6-8940-49E0B51B6F02}
		{6E19B5B2-9106-4EB3-8B0E-1C735FB4C815} = {E24D3F2A-4080-475B-92D3-C80B9BD20A70}
		{30C02979-E0C0-4AD0-B88F-23EF28807473} = {FF3A507D-D242-44F6-8940-49E0B51B6F02}
		{E24D3F2A-4080-475B-92D3-C80B9BD20A70} = {FF3A507D-D242-44F6-8940-49E0B51B6F02}
		{E7600CAB-94DC-4A17-ABB2-B789A6409E02} = {DE041517-4760-4748-97F6-DB71D6AFFF5B}
		{174C5479-712A-46DB-BD91-C031F6B3A55D} = {DE041517-4760-4748-97F6-DB71D6AFFF5B}
		{0FFD32D3-3A4F-453E-B7A2-8891F77F03D0} = {FF3A507D-D242-44F6-8940-49E0B51B6F02}
		{9C46DA92-CB56-45FA-A904-0A7330C71C2C} = {FF3A507D-D242-44F6-8940-49E0B51B6F02}
		{C2DD5D1C-2F8A-4EC9-BE90-66418A8602AE} = {FF3A507D-D242-44F6-8940-49E0B51B6F02}
		{A7EC9D91-CED0-43E7-BAB3-3B72230BFC0B} = {FF3A507D-D242-44F6-8940-49E0B51B6F02}
		{6D392453-FC9E-45AD-A9A7-7596A93B3E6C} = {FF3A507D-D242-44F6-8940-49E0B51B6F02}
		{E92B0C5D-FFAC-4AB9-B069-869AEED565B0} = {FF3A507D-D242-44F6-8940-49E0B51B6F02}
		{A5FAE1A5-74A0-4A83-9520-DCABF6610ADE} = {FF3A507D-D242-44F6-8940-49E0B51B6F02}
		{38CCE0F7-F998-4766-A14A-44C047E8D0AA} = {FF3A507D-D242-44F6-8940-49E0B51B6F02}
		{38E778EC-D2F9-46E8-9D48-9405B1D05BDC} = {DE041517-4760-4748-97F6-DB71D6AFFF5B}
		{1F634A43-B7E4-4C8A-9877-AE6A03E9ACB5} = {38E778EC-D2F9-46E8-9D48-9405B1D05BDC}
		{7AA40D04-0826-4F4A-9028-2270BAED0B9B} = {DE041517-4760-4748-97F6-DB71D6AFFF5B}
	EndGlobalSection
	GlobalSection(ExtensibilityGlobals) = postSolution
		SolutionGuid = {AAEBC2B4-FB52-4272-8C25-571FB3CA01E5}
	EndGlobalSection
EndGlobal
